<?xml version="1.0" encoding="utf-8"?>
<Project ToolsVersion="4.0" xmlns="http://schemas.microsoft.com/developer/msbuild/2003">
  <ItemGroup>
    <Filter Include="Archivos de origen">
      <UniqueIdentifier>{4FC737F1-C7A5-4376-A066-2A32D752A2FF}</UniqueIdentifier>
      <Extensions>cpp;c;cc;cxx;def;odl;idl;hpj;bat;asm;asmx</Extensions>
    </Filter>
    <Filter Include="Archivos de encabezado">
      <UniqueIdentifier>{93995380-89BD-4b04-88EB-625FBE52EBFB}</UniqueIdentifier>
      <Extensions>h;hh;hpp;hxx;hm;inl;inc;ipp;xsd</Extensions>
    </Filter>
    <Filter Include="Archivos de recursos">
      <UniqueIdentifier>{67DA6AB6-F800-4c08-8B7A-83BB121AAD01}</UniqueIdentifier>
      <Extensions>rc;ico;cur;bmp;dlg;rc2;rct;bin;rgs;gif;jpg;jpeg;jpe;resx;tiff;tif;png;wav;mfcribbon-ms</Extensions>
    </Filter>
    <Filter Include="Logica">
      <UniqueIdentifier>{67db96a5-1032-4480-a2f3-7caa7cdbbb9b}</UniqueIdentifier>
    </Filter>
    <Filter Include="Tests">
      <UniqueIdentifier>{9495809b-b07f-4589-8d91-c030761065d9}</UniqueIdentifier>
    </Filter>
    <Filter Include="Logica\Net">
      <UniqueIdentifier>{8b406f4b-1353-45dc-81ac-6d012cd324e2}</UniqueIdentifier>
    </Filter>
    <Filter Include="Logica\Net\Objetos">
      <UniqueIdentifier>{52860761-157d-4289-a563-bb4284269ac0}</UniqueIdentifier>
    </Filter>
    <Filter Include="Logica\Math">
      <UniqueIdentifier>{65509835-f9d6-41df-b53c-d1d17aa4f6d2}</UniqueIdentifier>
    </Filter>
    <Filter Include="Logica\Basic">
      <UniqueIdentifier>{0c9492d5-c460-4474-b96d-66dcf6e46448}</UniqueIdentifier>
    </Filter>
    <Filter Include="Logica\Basic\Objetos">
      <UniqueIdentifier>{813ff1cb-48ab-4f16-9bb2-ef25a70cb3d8}</UniqueIdentifier>
    </Filter>
    <Filter Include="Logica\Basic\Objetos\Cpp">
      <UniqueIdentifier>{50907777-f006-4beb-b917-bf3bdefb39d7}</UniqueIdentifier>
    </Filter>
    <Filter Include="Logica\Basic\Objetos\Hpp">
      <UniqueIdentifier>{600ee3fd-b4ec-4e5f-afdc-7698dec087e1}</UniqueIdentifier>
    </Filter>
    <Filter Include="Logica\Basic\Plantillas">
      <UniqueIdentifier>{038876fe-3101-4098-b325-ebc36e44a31c}</UniqueIdentifier>
    </Filter>
    <Filter Include="Logica\Basic\Plantillas\Nodos">
      <UniqueIdentifier>{c85fc7e3-af63-427a-8bfa-60d12331e35b}</UniqueIdentifier>
    </Filter>
    <Filter Include="Logica\Basic\Plantillas\Listas">
      <UniqueIdentifier>{a14ccc73-a7c9-4afe-a241-1b591408ec74}</UniqueIdentifier>
    </Filter>
    <Filter Include="Logica\Basic\Plantillas\Dictionary">
      <UniqueIdentifier>{a292dfe6-74fe-4ddd-947c-51f13a48944f}</UniqueIdentifier>
    </Filter>
    <Filter Include="Logica\Basic\Plantillas\Otros">
      <UniqueIdentifier>{2df5f6b0-b87a-452d-813e-6822ca6f00cd}</UniqueIdentifier>
    </Filter>
    <Filter Include="Logica\Basic\Plantillas\Pointers">
      <UniqueIdentifier>{d0785a3d-017b-4942-8d04-8eca9674a3dd}</UniqueIdentifier>
    </Filter>
    <Filter Include="Logica\Basic\Singletons">
      <UniqueIdentifier>{670f75ea-a7a8-4189-b769-269020d21a57}</UniqueIdentifier>
    </Filter>
    <Filter Include="Logica\Basic\LibreriasSimples">
      <UniqueIdentifier>{4ac12c75-043b-4f29-8da3-02966e419beb}</UniqueIdentifier>
    </Filter>
    <Filter Include="Logica\Basic\Interfaces">
      <UniqueIdentifier>{4a70bc86-a9ac-4973-a271-741ffd83c426}</UniqueIdentifier>
    </Filter>
    <Filter Include="Logica\Basic\Gestores">
      <UniqueIdentifier>{5eb7ad46-5a70-407d-992f-d1a70c864a0b}</UniqueIdentifier>
    </Filter>
    <Filter Include="Logica\Basic\Gestores\Cpp">
      <UniqueIdentifier>{78a3651d-a328-4c98-99ed-a26b9a8b6ddf}</UniqueIdentifier>
    </Filter>
    <Filter Include="Logica\Basic\Gestores\Hpp">
      <UniqueIdentifier>{1ca92601-5729-42e0-921e-c5fdd02879d3}</UniqueIdentifier>
    </Filter>
    <Filter Include="Logica\Basic\Enumerators">
      <UniqueIdentifier>{49c89c1b-0e3e-43c9-b64c-d165aa9b5867}</UniqueIdentifier>
    </Filter>
    <Filter Include="Logica\Math\Objetos">
      <UniqueIdentifier>{8a940b5c-9d29-4bd8-a813-45fa137c2c46}</UniqueIdentifier>
    </Filter>
    <Filter Include="Logica\Math\Objetos\Hpp">
      <UniqueIdentifier>{d46f98bb-c02a-4ced-aac3-8b441b228345}</UniqueIdentifier>
    </Filter>
    <Filter Include="Logica\Math\Objetos\Cpp">
      <UniqueIdentifier>{1582a303-9259-4f59-9209-055b548ba5bd}</UniqueIdentifier>
    </Filter>
    <Filter Include="Logica\Math\Plantillas">
      <UniqueIdentifier>{e8036842-5aea-4046-afb6-6ad9a499ec0f}</UniqueIdentifier>
    </Filter>
    <Filter Include="Logica\Math\Singletons">
      <UniqueIdentifier>{6f931963-8450-42a2-840c-a86625645e26}</UniqueIdentifier>
    </Filter>
    <Filter Include="Logica\Math\Singletons\Hpp">
      <UniqueIdentifier>{409f36c4-b70d-40a7-bc26-62009b13a6c2}</UniqueIdentifier>
    </Filter>
    <Filter Include="Logica\Math\Singletons\Cpp">
      <UniqueIdentifier>{2fcb95dd-3137-44b6-b7b5-26239a7c4ed9}</UniqueIdentifier>
    </Filter>
    <Filter Include="Logica\Basic\Singletons\Cpp">
      <UniqueIdentifier>{88414121-9b6a-4d07-8983-043fdcfd6e96}</UniqueIdentifier>
    </Filter>
    <Filter Include="Logica\Basic\Singletons\Hpp">
      <UniqueIdentifier>{32cc97fd-f96b-4b0f-93ab-712c29fb92fc}</UniqueIdentifier>
    </Filter>
    <Filter Include="Logica\Notas">
      <UniqueIdentifier>{35530b26-8b26-4dba-8a3a-558e2dc29203}</UniqueIdentifier>
    </Filter>
    <Filter Include="Logica\Net\Objetos\Hpp">
      <UniqueIdentifier>{bcdb647c-b76f-444c-a4c2-be635c45c3ab}</UniqueIdentifier>
    </Filter>
    <Filter Include="Logica\Net\Objetos\Cpp">
      <UniqueIdentifier>{5a2ef586-faef-4d21-9dc1-b0243846f30e}</UniqueIdentifier>
    </Filter>
    <Filter Include="Logica\Juego">
      <UniqueIdentifier>{88409c9d-7d72-46be-bd55-72380f53cc31}</UniqueIdentifier>
    </Filter>
    <Filter Include="Logica\Juego\Laberintos">
      <UniqueIdentifier>{99d43d24-fe0f-417f-ae57-96d77e0aef45}</UniqueIdentifier>
    </Filter>
    <Filter Include="Logica\Juego\Enums">
      <UniqueIdentifier>{7e8cc8e6-f67a-478a-ac00-06e4afa7ad9d}</UniqueIdentifier>
    </Filter>
    <Filter Include="Logica\Math\Enum">
      <UniqueIdentifier>{a8231743-e117-46b6-b146-3e2dc714e44e}</UniqueIdentifier>
    </Filter>
    <Filter Include="Logica\Math\Libs">
      <UniqueIdentifier>{2d7da331-3179-482b-8411-1ca8763b409e}</UniqueIdentifier>
    </Filter>
    <Filter Include="Logica\Juego\Items">
      <UniqueIdentifier>{dfa2cdd6-db4c-447c-8f69-d3ee4d6876f1}</UniqueIdentifier>
    </Filter>
    <Filter Include="Logica\Juego\Items\Consumibles">
      <UniqueIdentifier>{45e3b10b-b472-4bd9-8592-5fabd88b6650}</UniqueIdentifier>
    </Filter>
    <Filter Include="Logica\Juego\Items\Contenedores">
      <UniqueIdentifier>{0f52ba93-929d-4d67-a28d-2ff3813c9d1a}</UniqueIdentifier>
    </Filter>
    <Filter Include="Logica\Juego\Items\Elementos">
      <UniqueIdentifier>{1437b207-93b0-4d46-8461-97ead6462882}</UniqueIdentifier>
    </Filter>
    <Filter Include="Logica\Juego\Items\Elementos\Hpp">
      <UniqueIdentifier>{b768dc0b-c9e3-448a-9a08-db66c7a41176}</UniqueIdentifier>
    </Filter>
    <Filter Include="Logica\Juego\Items\Elementos\Cpp">
      <UniqueIdentifier>{e07cd602-f1ba-4c17-940f-1b0d321471ef}</UniqueIdentifier>
    </Filter>
    <Filter Include="Logica\Juego\Objetos">
      <UniqueIdentifier>{799761e2-9250-415b-a8f2-8e9bab70b581}</UniqueIdentifier>
    </Filter>
    <Filter Include="Logica\Juego\Gestores">
      <UniqueIdentifier>{2d90bef3-b99f-4959-bf91-5272d9257b86}</UniqueIdentifier>
    </Filter>
    <Filter Include="Logica\Juego\Singletons">
      <UniqueIdentifier>{003edd1d-0662-4e4f-966c-c4f1c33789ee}</UniqueIdentifier>
    </Filter>
    <Filter Include="Logica\Juego\Singletons\Hpp">
      <UniqueIdentifier>{7d67ad94-2f13-4a86-b58f-25a9937ff8da}</UniqueIdentifier>
    </Filter>
    <Filter Include="Logica\Juego\Singletons\Cpp">
      <UniqueIdentifier>{b796a64a-49d4-4f65-b7db-0486a6c4be27}</UniqueIdentifier>
    </Filter>
    <Filter Include="Logica\Juego\Items\Contenedores\Cpp">
      <UniqueIdentifier>{99c6ad3b-509e-4cec-99b4-f4a80250b365}</UniqueIdentifier>
    </Filter>
    <Filter Include="Logica\Juego\Items\Contenedores\Hpp">
      <UniqueIdentifier>{b97b1a61-1832-4fa6-8ec4-5441a01edd9b}</UniqueIdentifier>
    </Filter>
    <Filter Include="Logica\Juego\Objetos\Items">
      <UniqueIdentifier>{bef2f544-a8a6-4610-a56f-274a0f8a4463}</UniqueIdentifier>
    </Filter>
    <Filter Include="Logica\Juego\Objetos\Items\Hpp">
      <UniqueIdentifier>{9b2d3578-65e6-416b-8540-8bc18e2e03f6}</UniqueIdentifier>
    </Filter>
    <Filter Include="Logica\Juego\Objetos\Items\Cpp">
      <UniqueIdentifier>{e14615b8-8c5f-4bb0-9f47-68208f510202}</UniqueIdentifier>
    </Filter>
    <Filter Include="Logica\Juego\Objetos\Stats">
      <UniqueIdentifier>{2d3b677f-048a-4826-849a-0936c9e03f4b}</UniqueIdentifier>
    </Filter>
    <Filter Include="Logica\Juego\Objetos\Stats\Hpp">
      <UniqueIdentifier>{508b3f28-e9ac-464c-bdd1-5ef65a5e686a}</UniqueIdentifier>
    </Filter>
    <Filter Include="Logica\Juego\Objetos\Stats\Cpp">
      <UniqueIdentifier>{bb42a417-6941-44cb-b9e2-7f771ccaf350}</UniqueIdentifier>
    </Filter>
    <Filter Include="Logica\Juego\Objetos\Entidades">
      <UniqueIdentifier>{1d383a02-f4d4-4c4b-b449-51b075b7cbe5}</UniqueIdentifier>
    </Filter>
    <Filter Include="Logica\Juego\Objetos\Entidades\Cpp">
      <UniqueIdentifier>{af994836-b1c5-4864-91b2-4090383bb467}</UniqueIdentifier>
    </Filter>
    <Filter Include="Logica\Juego\Objetos\Entidades\Hpp">
      <UniqueIdentifier>{590fc2f9-3b67-4b40-8f70-bef970a3a803}</UniqueIdentifier>
    </Filter>
    <Filter Include="Logica\Net\Enums">
      <UniqueIdentifier>{2dbcd8ff-0149-42cd-8927-fed3f96f23c0}</UniqueIdentifier>
    </Filter>
    <Filter Include="Logica\AI">
      <UniqueIdentifier>{60e6dd25-50a9-4af4-9dd8-44367ad8f234}</UniqueIdentifier>
    </Filter>
    <Filter Include="Logica\Net\Interfaces">
      <UniqueIdentifier>{657319db-5737-4d5d-8c70-031576c0c139}</UniqueIdentifier>
    </Filter>
    <Filter Include="Logica\Juego\Laberintos\Celdas">
      <UniqueIdentifier>{2984685f-a806-44d9-a206-24d04af89f2b}</UniqueIdentifier>
    </Filter>
    <Filter Include="Logica\Juego\Laberintos\Old">
      <UniqueIdentifier>{cb340bd2-1884-48fc-8c1a-8d37850a271e}</UniqueIdentifier>
    </Filter>
    <Filter Include="Logica\Juego\Laberintos\Laberintos">
      <UniqueIdentifier>{add25a5e-0cfe-4bb1-98a6-7c2474227b45}</UniqueIdentifier>
    </Filter>
    <Filter Include="Logica\Juego\Laberintos\Enums">
      <UniqueIdentifier>{3688fc8b-f6de-4dbc-a61b-57107dd9fe74}</UniqueIdentifier>
    </Filter>
    <Filter Include="Logica\Net\asd">
      <UniqueIdentifier>{a2f10c8d-c0d7-4062-9b22-7937ad477281}</UniqueIdentifier>
    </Filter>
  </ItemGroup>
  <ItemGroup>
    <ClCompile Include="Logica\Math\Objetos\Vector3.cpp">
      <Filter>Logica\Math\Objetos\Cpp</Filter>
    </ClCompile>
    <ClCompile Include="Logica\Math\Objetos\Vector2.cpp">
      <Filter>Logica\Math\Objetos\Cpp</Filter>
    </ClCompile>
    <ClCompile Include="Logica\Math\Objetos\Racional.cpp">
      <Filter>Logica\Math\Objetos\Cpp</Filter>
    </ClCompile>
    <ClCompile Include="Logica\Basic\Gestores\GestorSingletons.cpp">
      <Filter>Logica\Basic\Gestores\Cpp</Filter>
    </ClCompile>
    <ClCompile Include="Logica\Basic\Gestores\SubscriptorSingletons.cpp">
      <Filter>Logica\Basic\Gestores\Cpp</Filter>
    </ClCompile>
    <ClCompile Include="Logica\Math\Singletons\Random.cpp">
      <Filter>Logica\Math\Singletons\Cpp</Filter>
    </ClCompile>
    <ClCompile Include="Logica\Math\Singletons\Math.cpp">
      <Filter>Logica\Math\Singletons\Cpp</Filter>
    </ClCompile>
    <ClCompile Include="Logica\Basic\Singletons\System.cpp">
      <Filter>Logica\Basic\Singletons\Cpp</Filter>
    </ClCompile>
    <ClCompile Include="Logica\Basic\Singletons\Mem.cpp">
      <Filter>Logica\Basic\Singletons\Cpp</Filter>
    </ClCompile>
    <ClCompile Include="Logica\Basic\Singletons\Files.cpp">
      <Filter>Logica\Basic\Singletons\Cpp</Filter>
    </ClCompile>
    <ClCompile Include="Logica\Basic\Singletons\Chars.cpp">
      <Filter>Logica\Basic\Singletons\Cpp</Filter>
    </ClCompile>
    <ClCompile Include="Logica\Basic\Objetos\String.cpp">
      <Filter>Logica\Basic\Objetos\Cpp</Filter>
    </ClCompile>
    <ClCompile Include="Logica\Basic\Objetos\Logger.cpp">
      <Filter>Logica\Basic\Objetos\Cpp</Filter>
    </ClCompile>
    <ClCompile Include="Logica\Basic\Objetos\Excepcion.cpp">
      <Filter>Logica\Basic\Objetos\Cpp</Filter>
    </ClCompile>
    <ClCompile Include="Logica\Basic\Objetos\Proceso.cpp">
      <Filter>Logica\Basic\Objetos</Filter>
    </ClCompile>
    <ClCompile Include="Logica\Basic\Objetos\StringBuilder.cpp">
      <Filter>Logica\Basic\Objetos\Cpp</Filter>
    </ClCompile>
    <ClCompile Include="Logica\Basic\Singletons\JSONConversor.cpp">
      <Filter>Logica\Basic\Singletons\Cpp</Filter>
    </ClCompile>
    <ClCompile Include="Logica\Basic\Objetos\JSONBuilder.cpp">
      <Filter>Logica\Basic\Objetos\Cpp</Filter>
    </ClCompile>
    <ClCompile Include="Logica\Math\Singletons\BaseABC.cpp">
      <Filter>Logica\Math\Singletons\Cpp</Filter>
    </ClCompile>
    <ClCompile Include="Logica\Basic\Singletons\StringPrinter.cpp">
      <Filter>Logica\Basic\Singletons\Cpp</Filter>
    </ClCompile>
    <ClCompile Include="Logica\Math\Objetos\Unit.cpp">
      <Filter>Logica\Math\Objetos\Cpp</Filter>
    </ClCompile>
    <ClCompile Include="Logica\Math\Singletons\UnitConversor.cpp">
      <Filter>Logica\Math\Singletons\Cpp</Filter>
    </ClCompile>
    <ClCompile Include="Logica\Juego\Gestores\GestorItems.cpp">
      <Filter>Logica\Juego\Gestores</Filter>
    </ClCompile>
    <ClCompile Include="Logica\Juego\Singletons\ItemController.cpp">
      <Filter>Logica\Juego\Singletons\Cpp</Filter>
    </ClCompile>
    <ClCompile Include="Logica\Juego\Items\Elementos\Hidrogeno.cpp">
      <Filter>Logica\Juego\Items\Elementos\Cpp</Filter>
    </ClCompile>
    <ClCompile Include="Logica\Juego\Items\Contenedores\BotellaPlastico.cpp">
      <Filter>Logica\Juego\Items\Contenedores\Cpp</Filter>
    </ClCompile>
    <ClCompile Include="Logica\Juego\Items\Contenedores\BotellaHidrogeno.cpp">
      <Filter>Logica\Juego\Items\Contenedores\Cpp</Filter>
    </ClCompile>
    <ClCompile Include="Logica\Juego\Items\Elementos\Helio.cpp">
      <Filter>Logica\Juego\Items\Elementos\Cpp</Filter>
    </ClCompile>
    <ClCompile Include="Logica\Juego\Gestores\VistaGestorItems.cpp">
      <Filter>Logica\Juego\Gestores</Filter>
    </ClCompile>
    <ClCompile Include="Logica\Juego\Singletons\VistaItemController.cpp">
      <Filter>Logica\Juego\Singletons\Cpp</Filter>
    </ClCompile>
    <ClCompile Include="Logica\Juego\Objetos\Stats\Survival.cpp">
      <Filter>Logica\Juego\Objetos\Stats\Cpp</Filter>
    </ClCompile>
    <ClCompile Include="Logica\Juego\Objetos\Stats\Critico.cpp">
      <Filter>Logica\Juego\Objetos\Stats\Cpp</Filter>
    </ClCompile>
    <ClCompile Include="Logica\Juego\Objetos\Stats\Defensa.cpp">
      <Filter>Logica\Juego\Objetos\Stats\Cpp</Filter>
    </ClCompile>
    <ClCompile Include="Logica\Juego\Objetos\Stats\Energia.cpp">
      <Filter>Logica\Juego\Objetos\Stats\Cpp</Filter>
    </ClCompile>
    <ClCompile Include="Logica\Juego\Objetos\Stats\Ofensivos.cpp">
      <Filter>Logica\Juego\Objetos\Stats\Cpp</Filter>
    </ClCompile>
    <ClCompile Include="Logica\Juego\Objetos\Stats\Resistencia.cpp">
      <Filter>Logica\Juego\Objetos\Stats\Cpp</Filter>
    </ClCompile>
    <ClCompile Include="Logica\Juego\Objetos\Items\ListaItems.cpp">
      <Filter>Logica\Juego\Objetos\Items\Cpp</Filter>
    </ClCompile>
    <ClCompile Include="Logica\Juego\Objetos\Items\Item.cpp">
      <Filter>Logica\Juego\Objetos\Items\Cpp</Filter>
    </ClCompile>
    <ClCompile Include="Logica\Juego\Objetos\Items\Equipable.cpp">
      <Filter>Logica\Juego\Objetos\Items\Cpp</Filter>
    </ClCompile>
    <ClCompile Include="Logica\Juego\Objetos\Items\Contenedor.cpp">
      <Filter>Logica\Juego\Objetos\Items\Cpp</Filter>
    </ClCompile>
    <ClCompile Include="Logica\Juego\Objetos\Items\Consumible.cpp">
      <Filter>Logica\Juego\Objetos\Items\Cpp</Filter>
    </ClCompile>
    <ClCompile Include="Logica\Juego\Objetos\Stats\Stats.cpp">
      <Filter>Logica\Juego\Objetos\Stats\Cpp</Filter>
    </ClCompile>
    <ClCompile Include="Logica\Juego\Objetos\Entidades\Entidad.cpp">
      <Filter>Logica\Juego\Objetos\Entidades\Cpp</Filter>
    </ClCompile>
    <ClCompile Include="Logica\Juego\Objetos\Entidades\Familiar.cpp">
      <Filter>Logica\Juego\Objetos\Entidades\Cpp</Filter>
    </ClCompile>
    <ClCompile Include="Logica\Net\Objetos\Cabecera.cpp">
      <Filter>Logica\Net\Objetos\Cpp</Filter>
    </ClCompile>
    <ClCompile Include="Logica\Net\Objetos\Cookie.cpp">
      <Filter>Logica\Net\Objetos\Cpp</Filter>
    </ClCompile>
    <ClCompile Include="Logica\Basic\Objetos\Date.cpp">
      <Filter>Logica\Basic\Objetos\Cpp</Filter>
    </ClCompile>
    <ClCompile Include="Logica\Basic\Singletons\Printer.cpp">
      <Filter>Logica\Basic\Singletons</Filter>
    </ClCompile>
    <ClCompile Include="Logica\Basic\Singletons\DateController.cpp">
      <Filter>Logica\Basic\Singletons\Cpp</Filter>
    </ClCompile>
    <ClCompile Include="Logica\AI\Network.cpp">
      <Filter>Logica\AI</Filter>
    </ClCompile>
    <ClCompile Include="Tests\MainTests.cpp">
      <Filter>Tests</Filter>
    </ClCompile>
    <ClCompile Include="Logica\Juego\Laberintos\Celdas\Celda.cpp">
      <Filter>Logica\Juego\Laberintos\Celdas</Filter>
    </ClCompile>
    <ClCompile Include="Logica\Juego\Laberintos\Laberintos\Laberinto.cpp">
      <Filter>Logica\Juego\Laberintos\Laberintos</Filter>
    </ClCompile>
    <ClCompile Include="Logica\Juego\Laberintos\Old\Laberinto2D.cpp">
      <Filter>Logica\Juego\Laberintos\Old</Filter>
    </ClCompile>
    <ClCompile Include="Logica\Juego\Laberintos\Celdas\Celda2D.cpp">
      <Filter>Logica\Juego\Laberintos\Celdas</Filter>
    </ClCompile>
    <ClCompile Include="Logica\Juego\Laberintos\Laberintos\GeneradorLaberintos.cpp">
      <Filter>Logica\Juego\Laberintos\Laberintos</Filter>
    </ClCompile>
    <ClCompile Include="Logica\Net\Objetos\Socket.cpp">
      <Filter>Logica\Net\Objetos</Filter>
    </ClCompile>
    <ClCompile Include="Logica\Math\Objetos\MatrizFixed.cpp">
      <Filter>Logica\Math\Objetos</Filter>
    </ClCompile>
    <ClCompile Include="Logica\Math\Objetos\Matriz.cpp">
      <Filter>Logica\Math\Objetos\Cpp</Filter>
    </ClCompile>
    <ClCompile Include="Tests\MainTests2.cpp">
      <Filter>Tests</Filter>
    </ClCompile>
  </ItemGroup>
  <ItemGroup>
    <ClInclude Include="Logica\Math\Objetos\Vector3.hpp">
      <Filter>Logica\Math\Objetos\Hpp</Filter>
    </ClInclude>
    <ClInclude Include="Logica\Math\Objetos\Racional.hpp">
      <Filter>Logica\Math\Objetos\Hpp</Filter>
    </ClInclude>
    <ClInclude Include="Logica\Math\Objetos\Vector2.hpp">
      <Filter>Logica\Math\Objetos\Hpp</Filter>
    </ClInclude>
    <ClInclude Include="Logica\Basic\Enumerators\FilesEnum.hpp">
      <Filter>Logica\Basic\Enumerators</Filter>
    </ClInclude>
    <ClInclude Include="Logica\Basic\Enumerators\LoggerEnum.hpp">
      <Filter>Logica\Basic\Enumerators</Filter>
    </ClInclude>
    <ClInclude Include="Logica\Basic\Enumerators\StringEnum.hpp">
      <Filter>Logica\Basic\Enumerators</Filter>
    </ClInclude>
    <ClInclude Include="Logica\Basic\Enumerators\SystemCodes.h">
      <Filter>Logica\Basic\Enumerators</Filter>
    </ClInclude>
    <ClInclude Include="Logica\Basic\Gestores\SubscriptorSingletons.hpp">
      <Filter>Logica\Basic\Gestores\Hpp</Filter>
    </ClInclude>
    <ClInclude Include="Logica\Basic\Gestores\GestorSingletons.hpp">
      <Filter>Logica\Basic\Gestores\Hpp</Filter>
    </ClInclude>
    <ClInclude Include="Logica\Math\Singletons\Random.hpp">
      <Filter>Logica\Math\Singletons\Hpp</Filter>
    </ClInclude>
    <ClInclude Include="Logica\Math\Singletons\Math.hpp">
      <Filter>Logica\Math\Singletons\Hpp</Filter>
    </ClInclude>
    <ClInclude Include="Logica\Basic\Plantillas\Pointers\SmartPointer.hpp">
      <Filter>Logica\Basic\Plantillas\Pointers</Filter>
    </ClInclude>
    <ClInclude Include="Logica\Basic\Plantillas\Otros\Singleton.hpp">
      <Filter>Logica\Basic\Plantillas\Otros</Filter>
    </ClInclude>
    <ClInclude Include="Logica\Basic\Interfaces\Contenedor.hpp">
      <Filter>Logica\Basic\Interfaces</Filter>
    </ClInclude>
    <ClInclude Include="Logica\Basic\Interfaces\ContenedorDobleTipo.hpp">
      <Filter>Logica\Basic\Interfaces</Filter>
    </ClInclude>
    <ClInclude Include="Logica\Basic\Interfaces\Dictionary.hpp">
      <Filter>Logica\Basic\Interfaces</Filter>
    </ClInclude>
    <ClInclude Include="Logica\Basic\Interfaces\List.hpp">
      <Filter>Logica\Basic\Interfaces</Filter>
    </ClInclude>
    <ClInclude Include="Logica\Basic\Interfaces\Listas.hpp">
      <Filter>Logica\Basic\Interfaces</Filter>
    </ClInclude>
    <ClInclude Include="Logica\Basic\Interfaces\VectorPunteros.hpp">
      <Filter>Logica\Basic\Interfaces</Filter>
    </ClInclude>
    <ClInclude Include="Logica\Basic\LibreriasSimples\AllLists.hpp">
      <Filter>Logica\Basic\LibreriasSimples</Filter>
    </ClInclude>
    <ClInclude Include="Logica\Basic\LibreriasSimples\ASCII_Defines.h">
      <Filter>Logica\Basic\LibreriasSimples</Filter>
    </ClInclude>
    <ClInclude Include="Logica\Basic\LibreriasSimples\Fork.h">
      <Filter>Logica\Basic\LibreriasSimples</Filter>
    </ClInclude>
    <ClInclude Include="Logica\Basic\LibreriasSimples\LlanyTypes.h">
      <Filter>Logica\Basic\LibreriasSimples</Filter>
    </ClInclude>
    <ClInclude Include="Logica\Basic\Plantillas\Dictionary\DictionaryLinkedList.hpp">
      <Filter>Logica\Basic\Plantillas\Dictionary</Filter>
    </ClInclude>
    <ClInclude Include="Logica\Basic\Plantillas\Listas\Array.hpp">
      <Filter>Logica\Basic\Plantillas\Listas</Filter>
    </ClInclude>
    <ClInclude Include="Logica\Basic\Plantillas\Listas\Buffer.hpp">
      <Filter>Logica\Basic\Plantillas\Listas</Filter>
    </ClInclude>
    <ClInclude Include="Logica\Basic\Plantillas\Listas\LinkedList.hpp">
      <Filter>Logica\Basic\Plantillas\Listas</Filter>
    </ClInclude>
    <ClInclude Include="Logica\Basic\Plantillas\Listas\LinkedListAuto.hpp">
      <Filter>Logica\Basic\Plantillas\Listas</Filter>
    </ClInclude>
    <ClInclude Include="Logica\Basic\Plantillas\Nodos\NodoDosObjetosDosPunteros.hpp">
      <Filter>Logica\Basic\Plantillas\Nodos</Filter>
    </ClInclude>
    <ClInclude Include="Logica\Basic\Plantillas\Nodos\NodoDosObjetosUnPuntero.hpp">
      <Filter>Logica\Basic\Plantillas\Nodos</Filter>
    </ClInclude>
    <ClInclude Include="Logica\Basic\Plantillas\Nodos\NodoUnObjetoDoblePuntero.hpp">
      <Filter>Logica\Basic\Plantillas\Nodos</Filter>
    </ClInclude>
    <ClInclude Include="Logica\Basic\Plantillas\Nodos\NodoUnObjetoUnPuntero.hpp">
      <Filter>Logica\Basic\Plantillas\Nodos</Filter>
    </ClInclude>
    <ClInclude Include="Logica\Basic\Singletons\System.hpp">
      <Filter>Logica\Basic\Singletons\Hpp</Filter>
    </ClInclude>
    <ClInclude Include="Logica\Basic\Singletons\Chars.hpp">
      <Filter>Logica\Basic\Singletons\Hpp</Filter>
    </ClInclude>
    <ClInclude Include="Logica\Basic\Singletons\Files.hpp">
      <Filter>Logica\Basic\Singletons\Hpp</Filter>
    </ClInclude>
    <ClInclude Include="Logica\Basic\Singletons\Mem.hpp">
      <Filter>Logica\Basic\Singletons\Hpp</Filter>
    </ClInclude>
    <ClInclude Include="Logica\Basic\Objetos\String.hpp">
      <Filter>Logica\Basic\Objetos\Hpp</Filter>
    </ClInclude>
    <ClInclude Include="Logica\Basic\Objetos\Excepcion.hpp">
      <Filter>Logica\Basic\Objetos\Hpp</Filter>
    </ClInclude>
    <ClInclude Include="Logica\Basic\Objetos\Logger.hpp">
      <Filter>Logica\Basic\Objetos\Hpp</Filter>
    </ClInclude>
    <ClInclude Include="Logica\Basic\Objetos\Proceso.hpp">
      <Filter>Logica\Basic\Objetos</Filter>
    </ClInclude>
    <ClInclude Include="Logica\Basic\Objetos\StringBuilder.hpp">
      <Filter>Logica\Basic\Objetos\Hpp</Filter>
    </ClInclude>
    <ClInclude Include="Logica\Math\Plantillas\Racional.hpp">
      <Filter>Logica\Math\Plantillas</Filter>
    </ClInclude>
    <ClInclude Include="Logica\Basic\Singletons\JSONConversor.hpp">
      <Filter>Logica\Basic\Singletons\Hpp</Filter>
    </ClInclude>
    <ClInclude Include="Logica\Basic\Objetos\JSONBuilder.hpp">
      <Filter>Logica\Basic\Objetos\Hpp</Filter>
    </ClInclude>
    <ClInclude Include="Logica\Math\Singletons\BaseABC.hpp">
      <Filter>Logica\Math\Singletons\Hpp</Filter>
    </ClInclude>
    <ClInclude Include="Logica\Basic\Singletons\StringPrinter.hpp">
      <Filter>Logica\Basic\Singletons\Hpp</Filter>
    </ClInclude>
    <ClInclude Include="Logica\Math\Enums\UnitEnum.hpp">
      <Filter>Logica\Math\Enum</Filter>
    </ClInclude>
    <ClInclude Include="Logica\Math\Objetos\Unit.hpp">
      <Filter>Logica\Math\Objetos\Hpp</Filter>
    </ClInclude>
    <ClInclude Include="Logica\Math\Libs\MathTypes.h">
      <Filter>Logica\Math\Libs</Filter>
    </ClInclude>
    <ClInclude Include="Logica\Math\Singletons\UnitConversor.hpp">
      <Filter>Logica\Math\Singletons\Hpp</Filter>
    </ClInclude>
    <ClInclude Include="Logica\Juego\Gestores\GestorItems.hpp">
      <Filter>Logica\Juego\Gestores</Filter>
    </ClInclude>
    <ClInclude Include="Logica\Juego\Singletons\ItemController.hpp">
      <Filter>Logica\Juego\Singletons\Hpp</Filter>
    </ClInclude>
    <ClInclude Include="Logica\Juego\Enums\ItemEnum.hpp">
      <Filter>Logica\Juego\Enums</Filter>
    </ClInclude>
    <ClInclude Include="Logica\Juego\Items\Elementos\Hidrogeno.hpp">
      <Filter>Logica\Juego\Items\Elementos\Hpp</Filter>
    </ClInclude>
    <ClInclude Include="Logica\Juego\Items\Contenedores\BotellaPlastico.hpp">
      <Filter>Logica\Juego\Items\Contenedores\Hpp</Filter>
    </ClInclude>
    <ClInclude Include="Logica\Juego\Items\Contenedores\BotellaHidrogeno.hpp">
      <Filter>Logica\Juego\Items\Contenedores\Hpp</Filter>
    </ClInclude>
    <ClInclude Include="Logica\Juego\Items\Elementos\Helio.hpp">
      <Filter>Logica\Juego\Items\Elementos\Hpp</Filter>
    </ClInclude>
    <ClInclude Include="Logica\Juego\Gestores\VistaGestorItems.hpp">
      <Filter>Logica\Juego\Gestores</Filter>
    </ClInclude>
    <ClInclude Include="Logica\Juego\Enums\ItemControllerEnum.hpp">
      <Filter>Logica\Juego\Enums</Filter>
    </ClInclude>
    <ClInclude Include="Logica\Juego\Singletons\VistaItemController.hpp">
      <Filter>Logica\Juego\Singletons\Hpp</Filter>
    </ClInclude>
    <ClInclude Include="Logica\Juego\Objetos\Stats\Survival.hpp">
      <Filter>Logica\Juego\Objetos\Stats\Hpp</Filter>
    </ClInclude>
    <ClInclude Include="Logica\Juego\Objetos\Stats\Critico.hpp">
      <Filter>Logica\Juego\Objetos\Stats\Hpp</Filter>
    </ClInclude>
    <ClInclude Include="Logica\Juego\Objetos\Stats\Defensa.hpp">
      <Filter>Logica\Juego\Objetos\Stats\Hpp</Filter>
    </ClInclude>
    <ClInclude Include="Logica\Juego\Objetos\Stats\Energia.hpp">
      <Filter>Logica\Juego\Objetos\Stats\Hpp</Filter>
    </ClInclude>
    <ClInclude Include="Logica\Juego\Objetos\Stats\Ofensivos.hpp">
      <Filter>Logica\Juego\Objetos\Stats\Hpp</Filter>
    </ClInclude>
    <ClInclude Include="Logica\Juego\Objetos\Stats\Resistencia.hpp">
      <Filter>Logica\Juego\Objetos\Stats\Hpp</Filter>
    </ClInclude>
    <ClInclude Include="Logica\Juego\Objetos\Items\Consumible.hpp">
      <Filter>Logica\Juego\Objetos\Items\Hpp</Filter>
    </ClInclude>
    <ClInclude Include="Logica\Juego\Objetos\Items\Contenedor.hpp">
      <Filter>Logica\Juego\Objetos\Items\Hpp</Filter>
    </ClInclude>
    <ClInclude Include="Logica\Juego\Objetos\Items\Equipable.hpp">
      <Filter>Logica\Juego\Objetos\Items\Hpp</Filter>
    </ClInclude>
    <ClInclude Include="Logica\Juego\Objetos\Items\Item.hpp">
      <Filter>Logica\Juego\Objetos\Items\Hpp</Filter>
    </ClInclude>
    <ClInclude Include="Logica\Juego\Objetos\Items\ListaItems.hpp">
      <Filter>Logica\Juego\Objetos\Items\Hpp</Filter>
    </ClInclude>
    <ClInclude Include="Logica\Juego\Enums\StatsEnum.hpp">
      <Filter>Logica\Juego\Enums</Filter>
    </ClInclude>
    <ClInclude Include="Logica\Juego\Objetos\Stats\Stats.hpp">
      <Filter>Logica\Juego\Objetos\Stats\Hpp</Filter>
    </ClInclude>
    <ClInclude Include="Logica\Juego\Enums\EntidadesEnum.hpp">
      <Filter>Logica\Juego\Enums</Filter>
    </ClInclude>
    <ClInclude Include="Logica\Juego\Objetos\Entidades\Entidad.hpp">
      <Filter>Logica\Juego\Objetos\Entidades\Hpp</Filter>
    </ClInclude>
    <ClInclude Include="Logica\Juego\Objetos\Entidades\Familiar.hpp">
      <Filter>Logica\Juego\Objetos\Entidades\Hpp</Filter>
    </ClInclude>
    <ClInclude Include="Logica\Net\Enums\ContentTypeEnum.hpp">
      <Filter>Logica\Net\Enums</Filter>
    </ClInclude>
    <ClInclude Include="Logica\Net\Objetos\Cabecera.hpp">
      <Filter>Logica\Net\Objetos\Hpp</Filter>
    </ClInclude>
    <ClInclude Include="Logica\Net\Objetos\Cookie.hpp">
      <Filter>Logica\Net\Objetos\Hpp</Filter>
    </ClInclude>
    <ClInclude Include="Logica\Basic\Objetos\Date.hpp">
      <Filter>Logica\Basic\Objetos\Hpp</Filter>
    </ClInclude>
    <ClInclude Include="Logica\Basic\Enumerators\DateEnum.hpp">
      <Filter>Logica\Basic\Enumerators</Filter>
    </ClInclude>
    <ClInclude Include="Logica\Basic\Singletons\Printer.hpp">
      <Filter>Logica\Basic\Singletons</Filter>
    </ClInclude>
    <ClInclude Include="Logica\Basic\Singletons\DateController.hpp">
      <Filter>Logica\Basic\Singletons\Hpp</Filter>
    </ClInclude>
    <ClInclude Include="Logica\AI\Matriz.hpp">
      <Filter>Archivos de encabezado</Filter>
    </ClInclude>
    <ClInclude Include="Logica\AI\Network.hpp">
      <Filter>Archivos de encabezado</Filter>
    </ClInclude>
    <ClInclude Include="Logica\Net\Objetos\Server.hpp">
      <Filter>Logica\Net\Interfaces</Filter>
    </ClInclude>
    <ClInclude Include="Logica\Juego\Laberintos\Celdas\Celda.hpp">
      <Filter>Logica\Juego\Laberintos\Celdas</Filter>
    </ClInclude>
    <ClInclude Include="Logica\Juego\Laberintos\Laberintos\Laberinto.hpp">
      <Filter>Logica\Juego\Laberintos\Laberintos</Filter>
    </ClInclude>
    <ClInclude Include="Logica\Juego\Laberintos\Old\Celda2D.hpp">
      <Filter>Logica\Juego\Laberintos\Old</Filter>
    </ClInclude>
    <ClInclude Include="Logica\Juego\Laberintos\Old\Celda3D.hpp">
      <Filter>Logica\Juego\Laberintos\Old</Filter>
    </ClInclude>
    <ClInclude Include="Logica\Juego\Laberintos\Old\Laberinto2D.hpp">
      <Filter>Logica\Juego\Laberintos\Old</Filter>
    </ClInclude>
    <ClInclude Include="Logica\Juego\Laberintos\Celdas\Celda2D.hpp">
      <Filter>Logica\Juego\Laberintos\Celdas</Filter>
    </ClInclude>
    <ClInclude Include="Logica\Juego\Laberintos\Laberintos\GeneradorLaberintos.hpp">
      <Filter>Logica\Juego\Laberintos\Laberintos</Filter>
    </ClInclude>
    <ClInclude Include="Logica\Juego\Laberintos\Enums\Dificultad.hpp">
      <Filter>Logica\Juego\Laberintos\Enums</Filter>
    </ClInclude>
    <ClInclude Include="Logica\Net\Objetos\Socket.hpp">
      <Filter>Logica\Net\Objetos</Filter>
    </ClInclude>
    <ClInclude Include="Logica\Math\Objetos\Matriz.hpp">
      <Filter>Logica\Math\Objetos\Hpp</Filter>
    </ClInclude>
    <ClInclude Include="Logica\Basic\LibreriasSimples\ListaDefines.hpp">
      <Filter>Logica\Basic\LibreriasSimples</Filter>
    </ClInclude>
    <ClInclude Include="Logica\Math\Objetos\MatrizFixed.hpp">
      <Filter>Logica\Math\Objetos</Filter>
    </ClInclude>
  </ItemGroup>
  <ItemGroup>
    <Text Include="Logica\Notas\readme.txt">
      <Filter>Logica\Notas</Filter>
    </Text>
    <Text Include="Logica\Notas\Camino y recorrido.txt">
      <Filter>Logica\Notas</Filter>
    </Text>
    <Text Include="Logica\Basic\Notas.txt">
      <Filter>Logica\Basic</Filter>
    </Text>
    <Text Include="Logica\Math\Notas.txt">
      <Filter>Logica\Math</Filter>
    </Text>
    <Text Include="Logica\Net\Notas.txt">
      <Filter>Logica\Net</Filter>
    </Text>
    <Text Include="Logica\Juego\Notas.txt">
      <Filter>Logica\Juego</Filter>
    </Text>
  </ItemGroup>
  <ItemGroup>
    <None Include="Logica\Notas\Items.json">
      <Filter>Logica\Notas</Filter>
    </None>
  </ItemGroup>
</Project>